
Microsoft Visual Studio Solution File, Format Version 12.00
# Visual Studio Version 17
VisualStudioVersion = 17.14.36121.58 d17.14
MinimumVisualStudioVersion = 10.0.40219.1
Project("{FAE04EC0-301F-11D3-BF4B-00C04F79EFBC}") = "TodoTaskerIndividualProject1", "TodoTaskerIndividualProject1\TodoTaskerIndividualProject1.csproj", "{61C86602-293F-4436-A0BA-FF8A823E4D51}"
EndProject
Global
	GlobalSection(SolutionConfigurationPlatforms) = preSolution
		Debug|Any CPU = Debug|Any CPU
		Release|Any CPU = Release|Any CPU
	EndGlobalSection
	GlobalSection(ProjectConfigurationPlatforms) = postSolution
		{61C86602-293F-4436-A0BA-FF8A823E4D51}.Debug|Any CPU.ActiveCfg = Debug|Any CPU
		{61C86602-293F-4436-A0BA-FF8A823E4D51}.Debug|Any CPU.Build.0 = Debug|Any CPU
		{61C86602-293F-4436-A0BA-FF8A823E4D51}.Release|Any CPU.ActiveCfg = Release|Any CPU
		{61C86602-293F-4436-A0BA-FF8A823E4D51}.Release|Any CPU.Build.0 = Release|Any CPU
	EndGlobalSection
	GlobalSection(SolutionProperties) = preSolution
		HideSolutionNode = FALSE
	EndGlobalSection
	GlobalSection(ExtensibilityGlobals) = postSolution
		SolutionGuid = {2355A34E-3B88-4720-9EED-EF0258CE1905}
	EndGlobalSection
EndGlobal
